
Microsoft Visual Studio Solution File, Format Version 12.00
# Visual Studio Version 17
VisualStudioVersion = 17.0.31903.59
MinimumVisualStudioVersion = 10.0.40219.1
Project("{FAE04EC0-301F-11D3-BF4B-00C04F79EFBC}") = "Core", "Core\Core.csproj", "{D3CF1BF7-842F-464E-ACDD-152898C91E04}"
EndProject
Project("{FAE04EC0-301F-11D3-BF4B-00C04F79EFBC}") = "Infrastructure", "Infrastructure\Infrastructure.csproj", "{AB726E43-49E5-4623-8BB3-E70AA7B7F568}"
EndProject
Project("{FAE04EC0-301F-11D3-BF4B-00C04F79EFBC}") = "API", "API\API.csproj", "{F1988834-43B7-48DE-BDA6-E919F75DDA99}"
EndProject
Global
	GlobalSection(SolutionConfigurationPlatforms) = preSolution
		Debug|Any CPU = Debug|Any CPU
		Debug|x64 = Debug|x64
		Debug|x86 = Debug|x86
		Release|Any CPU = Release|Any CPU
		Release|x64 = Release|x64
		Release|x86 = Release|x86
	EndGlobalSection
	GlobalSection(ProjectConfigurationPlatforms) = postSolution
		{D3CF1BF7-842F-464E-ACDD-152898C91E04}.Debug|Any CPU.ActiveCfg = Debug|Any CPU
		{D3CF1BF7-842F-464E-ACDD-152898C91E04}.Debug|Any CPU.Build.0 = Debug|Any CPU
		{D3CF1BF7-842F-464E-ACDD-152898C91E04}.Debug|x64.ActiveCfg = Debug|Any CPU
		{D3CF1BF7-842F-464E-ACDD-152898C91E04}.Debug|x64.Build.0 = Debug|Any CPU
		{D3CF1BF7-842F-464E-ACDD-152898C91E04}.Debug|x86.ActiveCfg = Debug|Any CPU
		{D3CF1BF7-842F-464E-ACDD-152898C91E04}.Debug|x86.Build.0 = Debug|Any CPU
		{D3CF1BF7-842F-464E-ACDD-152898C91E04}.Release|Any CPU.ActiveCfg = Release|Any CPU
		{D3CF1BF7-842F-464E-ACDD-152898C91E04}.Release|Any CPU.Build.0 = Release|Any CPU
		{D3CF1BF7-842F-464E-ACDD-152898C91E04}.Release|x64.ActiveCfg = Release|Any CPU
		{D3CF1BF7-842F-464E-ACDD-152898C91E04}.Release|x64.Build.0 = Release|Any CPU
		{D3CF1BF7-842F-464E-ACDD-152898C91E04}.Release|x86.ActiveCfg = Release|Any CPU
		{D3CF1BF7-842F-464E-ACDD-152898C91E04}.Release|x86.Build.0 = Release|Any CPU
		{AB726E43-49E5-4623-8BB3-E70AA7B7F568}.Debug|Any CPU.ActiveCfg = Debug|Any CPU
		{AB726E43-49E5-4623-8BB3-E70AA7B7F568}.Debug|Any CPU.Build.0 = Debug|Any CPU
		{AB726E43-49E5-4623-8BB3-E70AA7B7F568}.Debug|x64.ActiveCfg = Debug|Any CPU
		{AB726E43-49E5-4623-8BB3-E70AA7B7F568}.Debug|x64.Build.0 = Debug|Any CPU
		{AB726E43-49E5-4623-8BB3-E70AA7B7F568}.Debug|x86.ActiveCfg = Debug|Any CPU
		{AB726E43-49E5-4623-8BB3-E70AA7B7F568}.Debug|x86.Build.0 = Debug|Any CPU
		{AB726E43-49E5-4623-8BB3-E70AA7B7F568}.Release|Any CPU.ActiveCfg = Release|Any CPU
		{AB726E43-49E5-4623-8BB3-E70AA7B7F568}.Release|Any CPU.Build.0 = Release|Any CPU
		{AB726E43-49E5-4623-8BB3-E70AA7B7F568}.Release|x64.ActiveCfg = Release|Any CPU
		{AB726E43-49E5-4623-8BB3-E70AA7B7F568}.Release|x64.Build.0 = Release|Any CPU
		{AB726E43-49E5-4623-8BB3-E70AA7B7F568}.Release|x86.ActiveCfg = Release|Any CPU
		{AB726E43-49E5-4623-8BB3-E70AA7B7F568}.Release|x86.Build.0 = Release|Any CPU
		{F1988834-43B7-48DE-BDA6-E919F75DDA99}.Debug|Any CPU.ActiveCfg = Debug|Any CPU
		{F1988834-43B7-48DE-BDA6-E919F75DDA99}.Debug|Any CPU.Build.0 = Debug|Any CPU
		{F1988834-43B7-48DE-BDA6-E919F75DDA99}.Debug|x64.ActiveCfg = Debug|Any CPU
		{F1988834-43B7-48DE-BDA6-E919F75DDA99}.Debug|x64.Build.0 = Debug|Any CPU
		{F1988834-43B7-48DE-BDA6-E919F75DDA99}.Debug|x86.ActiveCfg = Debug|Any CPU
		{F1988834-43B7-48DE-BDA6-E919F75DDA99}.Debug|x86.Build.0 = Debug|Any CPU
		{F1988834-43B7-48DE-BDA6-E919F75DDA99}.Release|Any CPU.ActiveCfg = Release|Any CPU
		{F1988834-43B7-48DE-BDA6-E919F75DDA99}.Release|Any CPU.Build.0 = Release|Any CPU
		{F1988834-43B7-48DE-BDA6-E919F75DDA99}.Release|x64.ActiveCfg = Release|Any CPU
		{F1988834-43B7-48DE-BDA6-E919F75DDA99}.Release|x64.Build.0 = Release|Any CPU
		{F1988834-43B7-48DE-BDA6-E919F75DDA99}.Release|x86.ActiveCfg = Release|Any CPU
		{F1988834-43B7-48DE-BDA6-E919F75DDA99}.Release|x86.Build.0 = Release|Any CPU
	EndGlobalSection
	GlobalSection(SolutionProperties) = preSolution
		HideSolutionNode = FALSE
	EndGlobalSection
EndGlobal
